{
    "_readme": [
        "This file locks the dependencies of your project to a known state",
        "Read more about it at https://getcomposer.org/doc/01-basic-usage.md#installing-dependencies",
        "This file is @generated automatically"
    ],
    "content-hash": "3b92eb9c771434d09feffc9046d59c8f",
    "packages": [
        {
            "name": "brick/date-time",
            "version": "dev-master",
            "source": {
                "type": "git",
                "url": "https://github.com/brick/date-time.git",
                "reference": "d1070ad5dc87351a9ffb03b3a78698cef99a7fcd"
            },
            "dist": {
                "type": "zip",
                "url": "https://api.github.com/repos/brick/date-time/zipball/d1070ad5dc87351a9ffb03b3a78698cef99a7fcd",
                "reference": "d1070ad5dc87351a9ffb03b3a78698cef99a7fcd",
                "shasum": ""
            },
            "require": {
                "php": ">=7.1"
            },
            "require-dev": {
                "php-coveralls/php-coveralls": "2.*",
                "phpunit/phpunit": "7.*"
            },
            "suggest": {
                "ext-timezonedb": "This PECL extension provides up-to-date timezone information"
            },
            "type": "library",
            "autoload": {
                "psr-4": {
                    "Brick\\DateTime\\": "src/"
                }
            },
            "notification-url": "https://packagist.org/downloads/",
            "license": [
                "MIT"
            ],
            "description": "Date and time library",
            "keywords": [
                "brick",
                "date",
                "time"
            ],
            "time": "2018-11-14T13:03:48+00:00"
        }
    ],
    "packages-dev": [],
    "aliases": [],
    "minimum-stability": "dev",
    "stability-flags": {
        "brick/date-time": 20
    },
    "prefer-stable": false,
    "prefer-lowest": false,
    "platform": [],
    "platform-dev": []
}
